
Microsoft Visual Studio Solution File, Format Version 12.00
# Visual Studio Version 17
VisualStudioVersion = 17.7.34202.233
MinimumVisualStudioVersion = 10.0.40219.1
Project("{FAE04EC0-301F-11D3-BF4B-00C04F79EFBC}") = "TravelBlogManagement", "TravelBlogManagement\TravelBlogManagement.csproj", "{36BD8DF9-6752-4004-B8F9-498733568653}"
EndProject
Global
	GlobalSection(SolutionConfigurationPlatforms) = preSolution
		Debug|Any CPU = Debug|Any CPU
		Release|Any CPU = Release|Any CPU
	EndGlobalSection
	GlobalSection(ProjectConfigurationPlatforms) = postSolution
		{36BD8DF9-6752-4004-B8F9-498733568653}.Debug|Any CPU.ActiveCfg = Debug|Any CPU
		{36BD8DF9-6752-4004-B8F9-498733568653}.Debug|Any CPU.Build.0 = Debug|Any CPU
		{36BD8DF9-6752-4004-B8F9-498733568653}.Release|Any CPU.ActiveCfg = Release|Any CPU
		{36BD8DF9-6752-4004-B8F9-498733568653}.Release|Any CPU.Build.0 = Release|Any CPU
	EndGlobalSection
	GlobalSection(SolutionProperties) = preSolution
		HideSolutionNode = FALSE
	EndGlobalSection
	GlobalSection(ExtensibilityGlobals) = postSolution
		SolutionGuid = {D3C7A99C-7B5E-43CA-8AC0-EEA208DB8B08}
	EndGlobalSection
EndGlobal
